
Microsoft Visual Studio Solution File, Format Version 12.00
# Visual Studio Version 16
VisualStudioVersion = 16.0.28803.352
MinimumVisualStudioVersion = 10.0.40219.1
Project("{FAE04EC0-301F-11D3-BF4B-00C04F79EFBC}") = "TempProject", "TempProject\TempProject.csproj", "{911C1BA2-31FD-4618-96E5-6088315EEAAF}"
EndProject
Global
	GlobalSection(SolutionConfigurationPlatforms) = preSolution
		Debug|Any CPU = Debug|Any CPU
		Release|Any CPU = Release|Any CPU
	EndGlobalSection
	GlobalSection(ProjectConfigurationPlatforms) = postSolution
		{911C1BA2-31FD-4618-96E5-6088315EEAAF}.Debug|Any CPU.ActiveCfg = Debug|Any CPU
		{911C1BA2-31FD-4618-96E5-6088315EEAAF}.Debug|Any CPU.Build.0 = Debug|Any CPU
		{911C1BA2-31FD-4618-96E5-6088315EEAAF}.Release|Any CPU.ActiveCfg = Release|Any CPU
		{911C1BA2-31FD-4618-96E5-6088315EEAAF}.Release|Any CPU.Build.0 = Release|Any CPU
	EndGlobalSection
	GlobalSection(SolutionProperties) = preSolution
		HideSolutionNode = FALSE
	EndGlobalSection
	GlobalSection(ExtensibilityGlobals) = postSolution
		SolutionGuid = {50EAD37F-C83F-416A-9EA4-8551F8EF00E8}
	EndGlobalSection
EndGlobal
